
Microsoft Visual Studio Solution File, Format Version 12.00
# Visual Studio 15
VisualStudioVersion = 15.0.26228.4
MinimumVisualStudioVersion = 10.0.40219.1
Project("{9A19103F-16F7-4668-BE54-9A1E7A4F7556}") = "worker", "worker\worker.csproj", "{8635477F-D8FE-47C0-8DD4-17ED8D52F45E}"
EndProject
Project("{FAE04EC0-301F-11D3-BF4B-00C04F79EFBC}") = "rng", "rng\rng.csproj", "{870BC4DA-5037-4B5E-BE97-084581760136}"
EndProject
Project("{FAE04EC0-301F-11D3-BF4B-00C04F79EFBC}") = "hasher", "hasher\hasher.csproj", "{3BCACC06-1351-4260-93E7-D39EEC024D27}"
EndProject
Project("{2150E333-8FDC-42A3-9474-1A3956D46DE8}") = "Solution Items", "Solution Items", "{C042B5C5-127E-45D0-B539-F0003E78F120}"
	ProjectSection(SolutionItems) = preProject
		docker-compose.yml = docker-compose.yml
		README.md = README.md
	EndProjectSection
EndProject
Global
	GlobalSection(SolutionConfigurationPlatforms) = preSolution
		Debug|Any CPU = Debug|Any CPU
		Release|Any CPU = Release|Any CPU
	EndGlobalSection
	GlobalSection(ProjectConfigurationPlatforms) = postSolution
		{8635477F-D8FE-47C0-8DD4-17ED8D52F45E}.Debug|Any CPU.ActiveCfg = Debug|Any CPU
		{8635477F-D8FE-47C0-8DD4-17ED8D52F45E}.Debug|Any CPU.Build.0 = Debug|Any CPU
		{8635477F-D8FE-47C0-8DD4-17ED8D52F45E}.Release|Any CPU.ActiveCfg = Release|Any CPU
		{8635477F-D8FE-47C0-8DD4-17ED8D52F45E}.Release|Any CPU.Build.0 = Release|Any CPU
		{870BC4DA-5037-4B5E-BE97-084581760136}.Debug|Any CPU.ActiveCfg = Debug|Any CPU
		{870BC4DA-5037-4B5E-BE97-084581760136}.Debug|Any CPU.Build.0 = Debug|Any CPU
		{870BC4DA-5037-4B5E-BE97-084581760136}.Release|Any CPU.ActiveCfg = Release|Any CPU
		{870BC4DA-5037-4B5E-BE97-084581760136}.Release|Any CPU.Build.0 = Release|Any CPU
		{3BCACC06-1351-4260-93E7-D39EEC024D27}.Debug|Any CPU.ActiveCfg = Debug|Any CPU
		{3BCACC06-1351-4260-93E7-D39EEC024D27}.Debug|Any CPU.Build.0 = Debug|Any CPU
		{3BCACC06-1351-4260-93E7-D39EEC024D27}.Release|Any CPU.ActiveCfg = Release|Any CPU
		{3BCACC06-1351-4260-93E7-D39EEC024D27}.Release|Any CPU.Build.0 = Release|Any CPU
	EndGlobalSection
	GlobalSection(SolutionProperties) = preSolution
		HideSolutionNode = FALSE
	EndGlobalSection
EndGlobal
